// !$*UTF8*$!
{
	archiveVersion = 1;
	classes = {
	};
	objectVersion = 77;
	objects = {

/* Begin PBXBuildFile section */
		88A5B8762ED3A99300461073 /* UIColor+Hex.swift in Sources */ = {isa = PBXBuildFile; fileRef = 88A5B8752ED3A99300461073 /* UIColor+Hex.swift */; };
		88A5B8792ED3AA2500461073 /* Coord.swift in Sources */ = {isa = PBXBuildFile; fileRef = 88A5B8782ED3AA2500461073 /* Coord.swift */; };
		88A5B87B2ED3AA5400461073 /* Run.swift in Sources */ = {isa = PBXBuildFile; fileRef = 88A5B87A2ED3AA5400461073 /* Run.swift */; };
		88A5B87E2ED3AA9B00461073 /* RunStore.swift in Sources */ = {isa = PBXBuildFile; fileRef = 88A5B87D2ED3AA9B00461073 /* RunStore.swift */; };
		88A5B8812ED3AB9400461073 /* RunViewController.swift in Sources */ = {isa = PBXBuildFile; fileRef = 88A5B8802ED3AB9400461073 /* RunViewController.swift */; };
		88A5B8832ED3ABBE00461073 /* RunViewController+UI.swift in Sources */ = {isa = PBXBuildFile; fileRef = 88A5B8822ED3ABBE00461073 /* RunViewController+UI.swift */; };
		88A5B8852ED3ABDF00461073 /* RunViewController+Metrics.swift in Sources */ = {isa = PBXBuildFile; fileRef = 88A5B8842ED3ABDF00461073 /* RunViewController+Metrics.swift */; };
		88A5B8872ED3ABF700461073 /* RunViewController+Location.swift in Sources */ = {isa = PBXBuildFile; fileRef = 88A5B8862ED3ABF700461073 /* RunViewController+Location.swift */; };
/* End PBXBuildFile section */

/* Begin PBXContainerItemProxy section */
		88ACE8C12EBB983F00C63C90 /* PBXContainerItemProxy */ = {
			isa = PBXContainerItemProxy;
			containerPortal = 88ACE8A22EBB983D00C63C90 /* Project object */;
			proxyType = 1;
			remoteGlobalIDString = 88ACE8A92EBB983D00C63C90;
			remoteInfo = Trackly;
		};
		88ACE8CB2EBB983F00C63C90 /* PBXContainerItemProxy */ = {
			isa = PBXContainerItemProxy;
			containerPortal = 88ACE8A22EBB983D00C63C90 /* Project object */;
			proxyType = 1;
			remoteGlobalIDString = 88ACE8A92EBB983D00C63C90;
			remoteInfo = Trackly;
		};
/* End PBXContainerItemProxy section */

/* Begin PBXFileReference section */
		88A5B8752ED3A99300461073 /* UIColor+Hex.swift */ = {isa = PBXFileReference; lastKnownFileType = sourcecode.swift; path = "UIColor+Hex.swift"; sourceTree = "<group>"; };
		88A5B8782ED3AA2500461073 /* Coord.swift */ = {isa = PBXFileReference; lastKnownFileType = sourcecode.swift; path = Coord.swift; sourceTree = "<group>"; };
		88A5B87A2ED3AA5400461073 /* Run.swift */ = {isa = PBXFileReference; lastKnownFileType = sourcecode.swift; path = Run.swift; sourceTree = "<group>"; };
		88A5B87D2ED3AA9B00461073 /* RunStore.swift */ = {isa = PBXFileReference; lastKnownFileType = sourcecode.swift; path = RunStore.swift; sourceTree = "<group>"; };
		88A5B8802ED3AB9400461073 /* RunViewController.swift */ = {isa = PBXFileReference; lastKnownFileType = sourcecode.swift; path = RunViewController.swift; sourceTree = "<group>"; };
		88A5B8822ED3ABBE00461073 /* RunViewController+UI.swift */ = {isa = PBXFileReference; lastKnownFileType = sourcecode.swift; path = "RunViewController+UI.swift"; sourceTree = "<group>"; };
		88A5B8842ED3ABDF00461073 /* RunViewController+Metrics.swift */ = {isa = PBXFileReference; lastKnownFileType = sourcecode.swift; path = "RunViewController+Metrics.swift"; sourceTree = "<group>"; };
		88A5B8862ED3ABF700461073 /* RunViewController+Location.swift */ = {isa = PBXFileReference; lastKnownFileType = sourcecode.swift; path = "RunViewController+Location.swift"; sourceTree = "<group>"; };
		88ACE8AA2EBB983D00C63C90 /* Trackly.app */ = {isa = PBXFileReference; explicitFileType = wrapper.application; includeInIndex = 0; path = Trackly.app; sourceTree = BUILT_PRODUCTS_DIR; };
		88ACE8C02EBB983F00C63C90 /* TracklyTests.xctest */ = {isa = PBXFileReference; explicitFileType = wrapper.cfbundle; includeInIndex = 0; path = TracklyTests.xctest; sourceTree = BUILT_PRODUCTS_DIR; };
		88ACE8CA2EBB983F00C63C90 /* TracklyUITests.xctest */ = {isa = PBXFileReference; explicitFileType = wrapper.cfbundle; includeInIndex = 0; path = TracklyUITests.xctest; sourceTree = BUILT_PRODUCTS_DIR; };
/* End PBXFileReference section */

/* Begin PBXFileSystemSynchronizedRootGroup section */
		88A7B3092EDDB21E0080D66C /* History */ = {
			isa = PBXFileSystemSynchronizedRootGroup;
			path = History;
			sourceTree = "<group>";
		};
		88A7B3882EDDB91D0080D66C /* Statistics */ = {
			isa = PBXFileSystemSynchronizedRootGroup;
			path = Statistics;
			sourceTree = "<group>";
		};
		88ACE8AC2EBB983D00C63C90 /* Trackly */ = {
			isa = PBXFileSystemSynchronizedRootGroup;
			path = Trackly;
			sourceTree = "<group>";
		};
		88ACE8C32EBB983F00C63C90 /* TracklyTests */ = {
			isa = PBXFileSystemSynchronizedRootGroup;
			path = TracklyTests;
			sourceTree = "<group>";
		};
		88ACE8CD2EBB983F00C63C90 /* TracklyUITests */ = {
			isa = PBXFileSystemSynchronizedRootGroup;
			path = TracklyUITests;
			sourceTree = "<group>";
		};
/* End PBXFileSystemSynchronizedRootGroup section */

/* Begin PBXFrameworksBuildPhase section */
		88ACE8A72EBB983D00C63C90 /* Frameworks */ = {
			isa = PBXFrameworksBuildPhase;
			buildActionMask = 2147483647;
			files = (
			);
			runOnlyForDeploymentPostprocessing = 0;
		};
		88ACE8BD2EBB983F00C63C90 /* Frameworks */ = {
			isa = PBXFrameworksBuildPhase;
			buildActionMask = 2147483647;
			files = (
			);
			runOnlyForDeploymentPostprocessing = 0;
		};
		88ACE8C72EBB983F00C63C90 /* Frameworks */ = {
			isa = PBXFrameworksBuildPhase;
			buildActionMask = 2147483647;
			files = (
			);
			runOnlyForDeploymentPostprocessing = 0;
		};
/* End PBXFrameworksBuildPhase section */

/* Begin PBXGroup section */
		88A5B8742ED3A96100461073 /* Extensions */ = {
			isa = PBXGroup;
			children = (
				88A5B8752ED3A99300461073 /* UIColor+Hex.swift */,
			);
			path = Extensions;
			sourceTree = "<group>";
		};
		88A5B8772ED3AA0700461073 /* Models */ = {
			isa = PBXGroup;
			children = (
				88A5B8782ED3AA2500461073 /* Coord.swift */,
				88A5B87A2ED3AA5400461073 /* Run.swift */,
			);
			path = Models;
			sourceTree = "<group>";
		};
		88A5B87C2ED3AA8900461073 /* Services */ = {
			isa = PBXGroup;
			children = (
				88A5B87D2ED3AA9B00461073 /* RunStore.swift */,
			);
			path = Services;
			sourceTree = "<group>";
		};
		88A5B87F2ED3AB6A00461073 /* Features */ = {
			isa = PBXGroup;
			children = (
				88A7B3882EDDB91D0080D66C /* Statistics */,
				88A7B3092EDDB21E0080D66C /* History */,
				88A5B8882ED3ACDD00461073 /* Run */,
			);
			path = Features;
			sourceTree = "<group>";
		};
		88A5B8882ED3ACDD00461073 /* Run */ = {
			isa = PBXGroup;
			children = (
				88A5B8842ED3ABDF00461073 /* RunViewController+Metrics.swift */,
				88A5B8822ED3ABBE00461073 /* RunViewController+UI.swift */,
				88A5B8802ED3AB9400461073 /* RunViewController.swift */,
				88A5B8862ED3ABF700461073 /* RunViewController+Location.swift */,
			);
			path = Run;
			sourceTree = "<group>";
		};
		88ACE8A12EBB983D00C63C90 = {
			isa = PBXGroup;
			children = (
				88ACE8AC2EBB983D00C63C90 /* Trackly */,
				88A5B87F2ED3AB6A00461073 /* Features */,
				88A5B87C2ED3AA8900461073 /* Services */,
				88A5B8772ED3AA0700461073 /* Models */,
				88A5B8742ED3A96100461073 /* Extensions */,
				88ACE8C32EBB983F00C63C90 /* TracklyTests */,
				88ACE8CD2EBB983F00C63C90 /* TracklyUITests */,
				88ACE8AB2EBB983D00C63C90 /* Products */,
			);
			sourceTree = "<group>";
		};
		88ACE8AB2EBB983D00C63C90 /* Products */ = {
			isa = PBXGroup;
			children = (
				88ACE8AA2EBB983D00C63C90 /* Trackly.app */,
				88ACE8C02EBB983F00C63C90 /* TracklyTests.xctest */,
				88ACE8CA2EBB983F00C63C90 /* TracklyUITests.xctest */,
			);
			name = Products;
			sourceTree = "<group>";
		};
/* End PBXGroup section */

/* Begin PBXNativeTarget section */
		88ACE8A92EBB983D00C63C90 /* Trackly */ = {
			isa = PBXNativeTarget;
			buildConfigurationList = 88ACE8D32EBB983F00C63C90 /* Build configuration list for PBXNativeTarget "Trackly" */;
			buildPhases = (
				88ACE8A62EBB983D00C63C90 /* Sources */,
				88ACE8A72EBB983D00C63C90 /* Frameworks */,
				88ACE8A82EBB983D00C63C90 /* Resources */,
			);
			buildRules = (
			);
			dependencies = (
			);
			fileSystemSynchronizedGroups = (
				88A7B3092EDDB21E0080D66C /* History */,
				88A7B3882EDDB91D0080D66C /* Statistics */,
				88ACE8AC2EBB983D00C63C90 /* Trackly */,
			);
			name = Trackly;
			packageProductDependencies = (
			);
			productName = Trackly;
			productReference = 88ACE8AA2EBB983D00C63C90 /* Trackly.app */;
			productType = "com.apple.product-type.application";
		};
		88ACE8BF2EBB983F00C63C90 /* TracklyTests */ = {
			isa = PBXNativeTarget;
			buildConfigurationList = 88ACE8D82EBB983F00C63C90 /* Build configuration list for PBXNativeTarget "TracklyTests" */;
			buildPhases = (
				88ACE8BC2EBB983F00C63C90 /* Sources */,
				88ACE8BD2EBB983F00C63C90 /* Frameworks */,
				88ACE8BE2EBB983F00C63C90 /* Resources */,
			);
			buildRules = (
			);
			dependencies = (
				88ACE8C22EBB983F00C63C90 /* PBXTargetDependency */,
			);
			fileSystemSynchronizedGroups = (
				88ACE8C32EBB983F00C63C90 /* TracklyTests */,
			);
			name = TracklyTests;
			packageProductDependencies = (
			);
			productName = TracklyTests;
			productReference = 88ACE8C02EBB983F00C63C90 /* TracklyTests.xctest */;
			productType = "com.apple.product-type.bundle.unit-test";
		};
		88ACE8C92EBB983F00C63C90 /* TracklyUITests */ = {
			isa = PBXNativeTarget;
			buildConfigurationList = 88ACE8DB2EBB983F00C63C90 /* Build configuration list for PBXNativeTarget "TracklyUITests" */;
			buildPhases = (
				88ACE8C62EBB983F00C63C90 /* Sources */,
				88ACE8C72EBB983F00C63C90 /* Frameworks */,
				88ACE8C82EBB983F00C63C90 /* Resources */,
			);
			buildRules = (
			);
			dependencies = (
				88ACE8CC2EBB983F00C63C90 /* PBXTargetDependency */,
			);
			fileSystemSynchronizedGroups = (
				88ACE8CD2EBB983F00C63C90 /* TracklyUITests */,
			);
			name = TracklyUITests;
			packageProductDependencies = (
			);
			productName = TracklyUITests;
			productReference = 88ACE8CA2EBB983F00C63C90 /* TracklyUITests.xctest */;
			productType = "com.apple.product-type.bundle.ui-testing";
		};
/* End PBXNativeTarget section */

/* Begin PBXProject section */
		88ACE8A22EBB983D00C63C90 /* Project object */ = {
			isa = PBXProject;
			attributes = {
				BuildIndependentTargetsInParallel = 1;
				LastSwiftUpdateCheck = 1640;
				LastUpgradeCheck = 1640;
				TargetAttributes = {
					88ACE8A92EBB983D00C63C90 = {
						CreatedOnToolsVersion = 16.4;
					};
					88ACE8BF2EBB983F00C63C90 = {
						CreatedOnToolsVersion = 16.4;
						TestTargetID = 88ACE8A92EBB983D00C63C90;
					};
					88ACE8C92EBB983F00C63C90 = {
						CreatedOnToolsVersion = 16.4;
						TestTargetID = 88ACE8A92EBB983D00C63C90;
					};
				};
			};
			buildConfigurationList = 88ACE8A52EBB983D00C63C90 /* Build configuration list for PBXProject "Trackly" */;
			developmentRegion = en;
			hasScannedForEncodings = 0;
			knownRegions = (
				en,
				Base,
			);
			mainGroup = 88ACE8A12EBB983D00C63C90;
			minimizedProjectReferenceProxies = 1;
			packageReferences = (
				88BB9BCC2ED2953D00F29A77 /* XCRemoteSwiftPackageReference "firebase-ios-sdk" */,
			);
			preferredProjectObjectVersion = 77;
			productRefGroup = 88ACE8AB2EBB983D00C63C90 /* Products */;
			projectDirPath = "";
			projectRoot = "";
			targets = (
				88ACE8A92EBB983D00C63C90 /* Trackly */,
				88ACE8BF2EBB983F00C63C90 /* TracklyTests */,
				88ACE8C92EBB983F00C63C90 /* TracklyUITests */,
			);
		};
/* End PBXProject section */

/* Begin PBXResourcesBuildPhase section */
		88ACE8A82EBB983D00C63C90 /* Resources */ = {
			isa = PBXResourcesBuildPhase;
			buildActionMask = 2147483647;
			files = (
			);
			runOnlyForDeploymentPostprocessing = 0;
		};
		88ACE8BE2EBB983F00C63C90 /* Resources */ = {
			isa = PBXResourcesBuildPhase;
			buildActionMask = 2147483647;
			files = (
			);
			runOnlyForDeploymentPostprocessing = 0;
		};
		88ACE8C82EBB983F00C63C90 /* Resources */ = {
			isa = PBXResourcesBuildPhase;
			buildActionMask = 2147483647;
			files = (
			);
			runOnlyForDeploymentPostprocessing = 0;
		};
/* End PBXResourcesBuildPhase section */

/* Begin PBXSourcesBuildPhase section */
		88ACE8A62EBB983D00C63C90 /* Sources */ = {
			isa = PBXSourcesBuildPhase;
			buildActionMask = 2147483647;
			files = (
				88A5B8832ED3ABBE00461073 /* RunViewController+UI.swift in Sources */,
				88A5B8792ED3AA2500461073 /* Coord.swift in Sources */,
				88A5B8812ED3AB9400461073 /* RunViewController.swift in Sources */,
				88A5B8872ED3ABF700461073 /* RunViewController+Location.swift in Sources */,
				88A5B8762ED3A99300461073 /* UIColor+Hex.swift in Sources */,
				88A5B8852ED3ABDF00461073 /* RunViewController+Metrics.swift in Sources */,
				88A5B87B2ED3AA5400461073 /* Run.swift in Sources */,
				88A5B87E2ED3AA9B00461073 /* RunStore.swift in Sources */,
			);
			runOnlyForDeploymentPostprocessing = 0;
		};
		88ACE8BC2EBB983F00C63C90 /* Sources */ = {
			isa = PBXSourcesBuildPhase;
			buildActionMask = 2147483647;
			files = (
			);
			runOnlyForDeploymentPostprocessing = 0;
		};
		88ACE8C62EBB983F00C63C90 /* Sources */ = {
			isa = PBXSourcesBuildPhase;
			buildActionMask = 2147483647;
			files = (
			);
			runOnlyForDeploymentPostprocessing = 0;
		};
/* End PBXSourcesBuildPhase section */

/* Begin PBXTargetDependency section */
		88ACE8C22EBB983F00C63C90 /* PBXTargetDependency */ = {
			isa = PBXTargetDependency;
			target = 88ACE8A92EBB983D00C63C90 /* Trackly */;
			targetProxy = 88ACE8C12EBB983F00C63C90 /* PBXContainerItemProxy */;
		};
		88ACE8CC2EBB983F00C63C90 /* PBXTargetDependency */ = {
			isa = PBXTargetDependency;
			target = 88ACE8A92EBB983D00C63C90 /* Trackly */;
			targetProxy = 88ACE8CB2EBB983F00C63C90 /* PBXContainerItemProxy */;
		};
/* End PBXTargetDependency section */

/* Begin XCBuildConfiguration section */
		88ACE8D42EBB983F00C63C90 /* Debug */ = {
			isa = XCBuildConfiguration;
			buildSettings = {
				ASSETCATALOG_COMPILER_APPICON_NAME = AppIcon;
				ASSETCATALOG_COMPILER_GLOBAL_ACCENT_COLOR_NAME = AccentColor;
				CODE_SIGN_ENTITLEMENTS = Trackly/Trackly.entitlements;
				CODE_SIGN_STYLE = Automatic;
				CURRENT_PROJECT_VERSION = 1;
				DEVELOPMENT_TEAM = 28R4D256F2;
				GENERATE_INFOPLIST_FILE = YES;
				INFOPLIST_FILE = Trackly/Info.plist;
				INFOPLIST_KEY_NSLocationAlwaysAndWhenInUseUsageDescription = "Koşu sırasında arka planda konumunu güncel tutmak için gerekli.";
				INFOPLIST_KEY_NSLocationWhenInUseUsageDescription = "Koşu takibi için konumunu kullanıyoruz.";
				INFOPLIST_KEY_UIApplicationSupportsIndirectInputEvents = YES;
				INFOPLIST_KEY_UILaunchStoryboardName = LaunchScreen;
				INFOPLIST_KEY_UIMainStoryboardFile = Main;
				INFOPLIST_KEY_UISupportedInterfaceOrientations_iPad = "UIInterfaceOrientationPortrait UIInterfaceOrientationPortraitUpsideDown UIInterfaceOrientationLandscapeLeft UIInterfaceOrientationLandscapeRight";
				INFOPLIST_KEY_UISupportedInterfaceOrientations_iPhone = "UIInterfaceOrientationPortrait UIInterfaceOrientationLandscapeLeft UIInterfaceOrientationLandscapeRight";
				IPHONEOS_DEPLOYMENT_TARGET = 16.6;
				LD_RUNPATH_SEARCH_PATHS = (
					"$(inherited)",
					"@executable_path/Frameworks",
				);
				MARKETING_VERSION = 1.0;
				PRODUCT_BUNDLE_IDENTIFIER = com.efebulbul.Trackly;
				PRODUCT_NAME = "$(TARGET_NAME)";
				SWIFT_EMIT_LOC_STRINGS = YES;
				SWIFT_VERSION = 5.0;
				TARGETED_DEVICE_FAMILY = "1,2";
			};
			name = Debug;
		};
		88ACE8D52EBB983F00C63C90 /* Release */ = {
			isa = XCBuildConfiguration;
			buildSettings = {
				ASSETCATALOG_COMPILER_APPICON_NAME = AppIcon;
				ASSETCATALOG_COMPILER_GLOBAL_ACCENT_COLOR_NAME = AccentColor;
				CODE_SIGN_ENTITLEMENTS = Trackly/Trackly.entitlements;
				CODE_SIGN_STYLE = Automatic;
				CURRENT_PROJECT_VERSION = 1;
				DEVELOPMENT_TEAM = 28R4D256F2;
				GENERATE_INFOPLIST_FILE = YES;
				INFOPLIST_FILE = Trackly/Info.plist;
				INFOPLIST_KEY_NSLocationAlwaysAndWhenInUseUsageDescription = "Koşu sırasında arka planda konumunu güncel tutmak için gerekli.";
				INFOPLIST_KEY_NSLocationWhenInUseUsageDescription = "Koşu takibi için konumunu kullanıyoruz.";
				INFOPLIST_KEY_UIApplicationSupportsIndirectInputEvents = YES;
				INFOPLIST_KEY_UILaunchStoryboardName = LaunchScreen;
				INFOPLIST_KEY_UIMainStoryboardFile = Main;
				INFOPLIST_KEY_UISupportedInterfaceOrientations_iPad = "UIInterfaceOrientationPortrait UIInterfaceOrientationPortraitUpsideDown UIInterfaceOrientationLandscapeLeft UIInterfaceOrientationLandscapeRight";
				INFOPLIST_KEY_UISupportedInterfaceOrientations_iPhone = "UIInterfaceOrientationPortrait UIInterfaceOrientationLandscapeLeft UIInterfaceOrientationLandscapeRight";
				IPHONEOS_DEPLOYMENT_TARGET = 16.6;
				LD_RUNPATH_SEARCH_PATHS = (
					"$(inherited)",
					"@executable_path/Frameworks",
				);
				MARKETING_VERSION = 1.0;
				PRODUCT_BUNDLE_IDENTIFIER = com.efebulbul.Trackly;
				PRODUCT_NAME = "$(TARGET_NAME)";
				SWIFT_EMIT_LOC_STRINGS = YES;
				SWIFT_VERSION = 5.0;
				TARGETED_DEVICE_FAMILY = "1,2";
			};
			name = Release;
		};
		88ACE8D62EBB983F00C63C90 /* Debug */ = {
			isa = XCBuildConfiguration;
			buildSettings = {
				ALWAYS_SEARCH_USER_PATHS = NO;
				ASSETCATALOG_COMPILER_GENERATE_SWIFT_ASSET_SYMBOL_EXTENSIONS = YES;
				CLANG_ANALYZER_NONNULL = YES;
				CLANG_ANALYZER_NUMBER_OBJECT_CONVERSION = YES_AGGRESSIVE;
				CLANG_CXX_LANGUAGE_STANDARD = "gnu++20";
				CLANG_ENABLE_MODULES = YES;
				CLANG_ENABLE_OBJC_ARC = YES;
				CLANG_ENABLE_OBJC_WEAK = YES;
				CLANG_WARN_BLOCK_CAPTURE_AUTORELEASING = YES;
				CLANG_WARN_BOOL_CONVERSION = YES;
				CLANG_WARN_COMMA = YES;
				CLANG_WARN_CONSTANT_CONVERSION = YES;
				CLANG_WARN_DEPRECATED_OBJC_IMPLEMENTATIONS = YES;
				CLANG_WARN_DIRECT_OBJC_ISA_USAGE = YES_ERROR;
				CLANG_WARN_DOCUMENTATION_COMMENTS = YES;
				CLANG_WARN_EMPTY_BODY = YES;
				CLANG_WARN_ENUM_CONVERSION = YES;
				CLANG_WARN_INFINITE_RECURSION = YES;
				CLANG_WARN_INT_CONVERSION = YES;
				CLANG_WARN_NON_LITERAL_NULL_CONVERSION = YES;
				CLANG_WARN_OBJC_IMPLICIT_RETAIN_SELF = YES;
				CLANG_WARN_OBJC_LITERAL_CONVERSION = YES;
				CLANG_WARN_OBJC_ROOT_CLASS = YES_ERROR;
				CLANG_WARN_QUOTED_INCLUDE_IN_FRAMEWORK_HEADER = YES;
				CLANG_WARN_RANGE_LOOP_ANALYSIS = YES;
				CLANG_WARN_STRICT_PROTOTYPES = YES;
				CLANG_WARN_SUSPICIOUS_MOVE = YES;
				CLANG_WARN_UNGUARDED_AVAILABILITY = YES_AGGRESSIVE;
				CLANG_WARN_UNREACHABLE_CODE = YES;
				CLANG_WARN__DUPLICATE_METHOD_MATCH = YES;
				COPY_PHASE_STRIP = NO;
				DEBUG_INFORMATION_FORMAT = dwarf;
				DEVELOPMENT_TEAM = 28R4D256F2;
				ENABLE_STRICT_OBJC_MSGSEND = YES;
				ENABLE_TESTABILITY = YES;
				ENABLE_USER_SCRIPT_SANDBOXING = YES;
				GCC_C_LANGUAGE_STANDARD = gnu17;
				GCC_DYNAMIC_NO_PIC = NO;
				GCC_NO_COMMON_BLOCKS = YES;
				GCC_OPTIMIZATION_LEVEL = 0;
				GCC_PREPROCESSOR_DEFINITIONS = (
					"DEBUG=1",
					"$(inherited)",
				);
				GCC_WARN_64_TO_32_BIT_CONVERSION = YES;
				GCC_WARN_ABOUT_RETURN_TYPE = YES_ERROR;
				GCC_WARN_UNDECLARED_SELECTOR = YES;
				GCC_WARN_UNINITIALIZED_AUTOS = YES_AGGRESSIVE;
				GCC_WARN_UNUSED_FUNCTION = YES;
				GCC_WARN_UNUSED_VARIABLE = YES;
				IPHONEOS_DEPLOYMENT_TARGET = 18.5;
				LOCALIZATION_PREFERS_STRING_CATALOGS = YES;
				MTL_ENABLE_DEBUG_INFO = INCLUDE_SOURCE;
				MTL_FAST_MATH = YES;
				ONLY_ACTIVE_ARCH = YES;
				SDKROOT = iphoneos;
				SWIFT_ACTIVE_COMPILATION_CONDITIONS = "DEBUG $(inherited)";
				SWIFT_OPTIMIZATION_LEVEL = "-Onone";
			};
			name = Debug;
		};
		88ACE8D72EBB983F00C63C90 /* Release */ = {
			isa = XCBuildConfiguration;
			buildSettings = {
				ALWAYS_SEARCH_USER_PATHS = NO;
				ASSETCATALOG_COMPILER_GENERATE_SWIFT_ASSET_SYMBOL_EXTENSIONS = YES;
				CLANG_ANALYZER_NONNULL = YES;
				CLANG_ANALYZER_NUMBER_OBJECT_CONVERSION = YES_AGGRESSIVE;
				CLANG_CXX_LANGUAGE_STANDARD = "gnu++20";
				CLANG_ENABLE_MODULES = YES;
				CLANG_ENABLE_OBJC_ARC = YES;
				CLANG_ENABLE_OBJC_WEAK = YES;
				CLANG_WARN_BLOCK_CAPTURE_AUTORELEASING = YES;
				CLANG_WARN_BOOL_CONVERSION = YES;
				CLANG_WARN_COMMA = YES;
				CLANG_WARN_CONSTANT_CONVERSION = YES;
				CLANG_WARN_DEPRECATED_OBJC_IMPLEMENTATIONS = YES;
				CLANG_WARN_DIRECT_OBJC_ISA_USAGE = YES_ERROR;
				CLANG_WARN_DOCUMENTATION_COMMENTS = YES;
				CLANG_WARN_EMPTY_BODY = YES;
				CLANG_WARN_ENUM_CONVERSION = YES;
				CLANG_WARN_INFINITE_RECURSION = YES;
				CLANG_WARN_INT_CONVERSION = YES;
				CLANG_WARN_NON_LITERAL_NULL_CONVERSION = YES;
				CLANG_WARN_OBJC_IMPLICIT_RETAIN_SELF = YES;
				CLANG_WARN_OBJC_LITERAL_CONVERSION = YES;
				CLANG_WARN_OBJC_ROOT_CLASS = YES_ERROR;
				CLANG_WARN_QUOTED_INCLUDE_IN_FRAMEWORK_HEADER = YES;
				CLANG_WARN_RANGE_LOOP_ANALYSIS = YES;
				CLANG_WARN_STRICT_PROTOTYPES = YES;
				CLANG_WARN_SUSPICIOUS_MOVE = YES;
				CLANG_WARN_UNGUARDED_AVAILABILITY = YES_AGGRESSIVE;
				CLANG_WARN_UNREACHABLE_CODE = YES;
				CLANG_WARN__DUPLICATE_METHOD_MATCH = YES;
				COPY_PHASE_STRIP = NO;
				DEBUG_INFORMATION_FORMAT = "dwarf-with-dsym";
				DEVELOPMENT_TEAM = 28R4D256F2;
				ENABLE_NS_ASSERTIONS = NO;
				ENABLE_STRICT_OBJC_MSGSEND = YES;
				ENABLE_USER_SCRIPT_SANDBOXING = YES;
				GCC_C_LANGUAGE_STANDARD = gnu17;
				GCC_NO_COMMON_BLOCKS = YES;
				GCC_WARN_64_TO_32_BIT_CONVERSION = YES;
				GCC_WARN_ABOUT_RETURN_TYPE = YES_ERROR;
				GCC_WARN_UNDECLARED_SELECTOR = YES;
				GCC_WARN_UNINITIALIZED_AUTOS = YES_AGGRESSIVE;
				GCC_WARN_UNUSED_FUNCTION = YES;
				GCC_WARN_UNUSED_VARIABLE = YES;
				IPHONEOS_DEPLOYMENT_TARGET = 18.5;
				LOCALIZATION_PREFERS_STRING_CATALOGS = YES;
				MTL_ENABLE_DEBUG_INFO = NO;
				MTL_FAST_MATH = YES;
				SDKROOT = iphoneos;
				SWIFT_COMPILATION_MODE = wholemodule;
				VALIDATE_PRODUCT = YES;
			};
			name = Release;
		};
		88ACE8D92EBB983F00C63C90 /* Debug */ = {
			isa = XCBuildConfiguration;
			buildSettings = {
				BUNDLE_LOADER = "$(TEST_HOST)";
				CODE_SIGN_STYLE = Automatic;
				CURRENT_PROJECT_VERSION = 1;
				DEVELOPMENT_TEAM = 28R4D256F2;
				GENERATE_INFOPLIST_FILE = YES;
				IPHONEOS_DEPLOYMENT_TARGET = 18.5;
				MARKETING_VERSION = 1.0;
				PRODUCT_BUNDLE_IDENTIFIER = com.efebulbul.TracklyTests;
				PRODUCT_NAME = "$(TARGET_NAME)";
				SWIFT_EMIT_LOC_STRINGS = NO;
				SWIFT_VERSION = 5.0;
				TARGETED_DEVICE_FAMILY = "1,2";
				TEST_HOST = "$(BUILT_PRODUCTS_DIR)/Trackly.app/$(BUNDLE_EXECUTABLE_FOLDER_PATH)/Trackly";
			};
			name = Debug;
		};
		88ACE8DA2EBB983F00C63C90 /* Release */ = {
			isa = XCBuildConfiguration;
			buildSettings = {
				BUNDLE_LOADER = "$(TEST_HOST)";
				CODE_SIGN_STYLE = Automatic;
				CURRENT_PROJECT_VERSION = 1;
				DEVELOPMENT_TEAM = 28R4D256F2;
				GENERATE_INFOPLIST_FILE = YES;
				IPHONEOS_DEPLOYMENT_TARGET = 18.5;
				MARKETING_VERSION = 1.0;
				PRODUCT_BUNDLE_IDENTIFIER = com.efebulbul.TracklyTests;
				PRODUCT_NAME = "$(TARGET_NAME)";
				SWIFT_EMIT_LOC_STRINGS = NO;
				SWIFT_VERSION = 5.0;
				TARGETED_DEVICE_FAMILY = "1,2";
				TEST_HOST = "$(BUILT_PRODUCTS_DIR)/Trackly.app/$(BUNDLE_EXECUTABLE_FOLDER_PATH)/Trackly";
			};
			name = Release;
		};
		88ACE8DC2EBB983F00C63C90 /* Debug */ = {
			isa = XCBuildConfiguration;
			buildSettings = {
				CODE_SIGN_STYLE = Automatic;
				CURRENT_PROJECT_VERSION = 1;
				DEVELOPMENT_TEAM = 28R4D256F2;
				GENERATE_INFOPLIST_FILE = YES;
				MARKETING_VERSION = 1.0;
				PRODUCT_BUNDLE_IDENTIFIER = com.efebulbul.TracklyUITests;
				PRODUCT_NAME = "$(TARGET_NAME)";
				SWIFT_EMIT_LOC_STRINGS = NO;
				SWIFT_VERSION = 5.0;
				TARGETED_DEVICE_FAMILY = "1,2";
				TEST_TARGET_NAME = Trackly;
			};
			name = Debug;
		};
		88ACE8DD2EBB983F00C63C90 /* Release */ = {
			isa = XCBuildConfiguration;
			buildSettings = {
				CODE_SIGN_STYLE = Automatic;
				CURRENT_PROJECT_VERSION = 1;
				DEVELOPMENT_TEAM = 28R4D256F2;
				GENERATE_INFOPLIST_FILE = YES;
				MARKETING_VERSION = 1.0;
				PRODUCT_BUNDLE_IDENTIFIER = com.efebulbul.TracklyUITests;
				PRODUCT_NAME = "$(TARGET_NAME)";
				SWIFT_EMIT_LOC_STRINGS = NO;
				SWIFT_VERSION = 5.0;
				TARGETED_DEVICE_FAMILY = "1,2";
				TEST_TARGET_NAME = Trackly;
			};
			name = Release;
		};
/* End XCBuildConfiguration section */

/* Begin XCConfigurationList section */
		88ACE8A52EBB983D00C63C90 /* Build configuration list for PBXProject "Trackly" */ = {
			isa = XCConfigurationList;
			buildConfigurations = (
				88ACE8D62EBB983F00C63C90 /* Debug */,
				88ACE8D72EBB983F00C63C90 /* Release */,
			);
			defaultConfigurationIsVisible = 0;
			defaultConfigurationName = Release;
		};
		88ACE8D32EBB983F00C63C90 /* Build configuration list for PBXNativeTarget "Trackly" */ = {
			isa = XCConfigurationList;
			buildConfigurations = (
				88ACE8D42EBB983F00C63C90 /* Debug */,
				88ACE8D52EBB983F00C63C90 /* Release */,
			);
			defaultConfigurationIsVisible = 0;
			defaultConfigurationName = Release;
		};
		88ACE8D82EBB983F00C63C90 /* Build configuration list for PBXNativeTarget "TracklyTests" */ = {
			isa = XCConfigurationList;
			buildConfigurations = (
				88ACE8D92EBB983F00C63C90 /* Debug */,
				88ACE8DA2EBB983F00C63C90 /* Release */,
			);
			defaultConfigurationIsVisible = 0;
			defaultConfigurationName = Release;
		};
		88ACE8DB2EBB983F00C63C90 /* Build configuration list for PBXNativeTarget "TracklyUITests" */ = {
			isa = XCConfigurationList;
			buildConfigurations = (
				88ACE8DC2EBB983F00C63C90 /* Debug */,
				88ACE8DD2EBB983F00C63C90 /* Release */,
			);
			defaultConfigurationIsVisible = 0;
			defaultConfigurationName = Release;
		};
/* End XCConfigurationList section */

/* Begin XCRemoteSwiftPackageReference section */
		88BB9BCC2ED2953D00F29A77 /* XCRemoteSwiftPackageReference "firebase-ios-sdk" */ = {
			isa = XCRemoteSwiftPackageReference;
			repositoryURL = "https://github.com/firebase/firebase-ios-sdk.git";
			requirement = {
				kind = upToNextMajorVersion;
				minimumVersion = 12.6.0;
			};
		};
/* End XCRemoteSwiftPackageReference section */
	};
	rootObject = 88ACE8A22EBB983D00C63C90 /* Project object */;
}
